
Microsoft Visual Studio Solution File, Format Version 12.00
# Visual Studio Version 16
VisualStudioVersion = 16.0.30204.135
MinimumVisualStudioVersion = 10.0.40219.1
Project("{FAE04EC0-301F-11D3-BF4B-00C04F79EFBC}") = "FrmSuperMarket", "..\..\..\CustomAlertBoxDemo\CustomAlertBoxDemo\FrmSuperMarket.csproj", "{19039AC1-EE08-460B-821B-0277442D04D1}"
EndProject
Global
	GlobalSection(SolutionConfigurationPlatforms) = preSolution
		Debug|Any CPU = Debug|Any CPU
		Release|Any CPU = Release|Any CPU
	EndGlobalSection
	GlobalSection(ProjectConfigurationPlatforms) = postSolution
		{19039AC1-EE08-460B-821B-0277442D04D1}.Debug|Any CPU.ActiveCfg = Debug|Any CPU
		{19039AC1-EE08-460B-821B-0277442D04D1}.Debug|Any CPU.Build.0 = Debug|Any CPU
		{19039AC1-EE08-460B-821B-0277442D04D1}.Release|Any CPU.ActiveCfg = Release|Any CPU
		{19039AC1-EE08-460B-821B-0277442D04D1}.Release|Any CPU.Build.0 = Release|Any CPU
	EndGlobalSection
	GlobalSection(SolutionProperties) = preSolution
		HideSolutionNode = FALSE
	EndGlobalSection
	GlobalSection(ExtensibilityGlobals) = postSolution
		SolutionGuid = {E424BB42-4C22-4140-B311-7F9F08B36B56}
	EndGlobalSection
EndGlobal
